
Microsoft Visual Studio Solution File, Format Version 12.00
# Visual Studio Version 17
VisualStudioVersion = 17.8.34330.188
MinimumVisualStudioVersion = 10.0.40219.1
Project("{FAE04EC0-301F-11D3-BF4B-00C04F79EFBC}") = "Todo.API", "Todo.API\Todo.API.csproj", "{BAF230F3-59E1-4A66-BA91-23B0545AD415}"
EndProject
Project("{FAE04EC0-301F-11D3-BF4B-00C04F79EFBC}") = "Todo.Core", "Todo.Core\Todo.Core.csproj", "{82C912B3-14CA-46D8-94B0-8105C27E8171}"
EndProject
Project("{FAE04EC0-301F-11D3-BF4B-00C04F79EFBC}") = "Todo.Infra", "Todo.Infra\Todo.Infra.csproj", "{6246CCD7-D584-47EE-9323-D383024EFCC1}"
EndProject
Global
	GlobalSection(SolutionConfigurationPlatforms) = preSolution
		Debug|Any CPU = Debug|Any CPU
		Release|Any CPU = Release|Any CPU
	EndGlobalSection
	GlobalSection(ProjectConfigurationPlatforms) = postSolution
		{BAF230F3-59E1-4A66-BA91-23B0545AD415}.Debug|Any CPU.ActiveCfg = Debug|Any CPU
		{BAF230F3-59E1-4A66-BA91-23B0545AD415}.Debug|Any CPU.Build.0 = Debug|Any CPU
		{BAF230F3-59E1-4A66-BA91-23B0545AD415}.Release|Any CPU.ActiveCfg = Release|Any CPU
		{BAF230F3-59E1-4A66-BA91-23B0545AD415}.Release|Any CPU.Build.0 = Release|Any CPU
		{82C912B3-14CA-46D8-94B0-8105C27E8171}.Debug|Any CPU.ActiveCfg = Debug|Any CPU
		{82C912B3-14CA-46D8-94B0-8105C27E8171}.Debug|Any CPU.Build.0 = Debug|Any CPU
		{82C912B3-14CA-46D8-94B0-8105C27E8171}.Release|Any CPU.ActiveCfg = Release|Any CPU
		{82C912B3-14CA-46D8-94B0-8105C27E8171}.Release|Any CPU.Build.0 = Release|Any CPU
		{6246CCD7-D584-47EE-9323-D383024EFCC1}.Debug|Any CPU.ActiveCfg = Debug|Any CPU
		{6246CCD7-D584-47EE-9323-D383024EFCC1}.Debug|Any CPU.Build.0 = Debug|Any CPU
		{6246CCD7-D584-47EE-9323-D383024EFCC1}.Release|Any CPU.ActiveCfg = Release|Any CPU
		{6246CCD7-D584-47EE-9323-D383024EFCC1}.Release|Any CPU.Build.0 = Release|Any CPU
	EndGlobalSection
	GlobalSection(SolutionProperties) = preSolution
		HideSolutionNode = FALSE
	EndGlobalSection
	GlobalSection(ExtensibilityGlobals) = postSolution
		SolutionGuid = {C5A8DE56-BD7F-4551-BDA9-ECC9A49A6802}
	EndGlobalSection
EndGlobal
